
Microsoft Visual Studio Solution File, Format Version 12.00
# Visual Studio 15
VisualStudioVersion = 15.0.27703.2042
MinimumVisualStudioVersion = 10.0.40219.1
Project("{888888A0-9F3D-457C-B088-3A5042F75D52}") = "NLPFrontEnd", "NLPFrontEnd\NLPFrontEnd.pyproj", "{2A918504-221F-4E26-A090-5CCE587BE527}"
EndProject
Global
	GlobalSection(SolutionConfigurationPlatforms) = preSolution
		Debug|Any CPU = Debug|Any CPU
		Release|Any CPU = Release|Any CPU
	EndGlobalSection
	GlobalSection(ProjectConfigurationPlatforms) = postSolution
		{2A918504-221F-4E26-A090-5CCE587BE527}.Debug|Any CPU.ActiveCfg = Debug|Any CPU
		{2A918504-221F-4E26-A090-5CCE587BE527}.Debug|Any CPU.Build.0 = Debug|Any CPU
		{2A918504-221F-4E26-A090-5CCE587BE527}.Release|Any CPU.ActiveCfg = Release|Any CPU
		{2A918504-221F-4E26-A090-5CCE587BE527}.Release|Any CPU.Build.0 = Release|Any CPU
	EndGlobalSection
	GlobalSection(SolutionProperties) = preSolution
		HideSolutionNode = FALSE
	EndGlobalSection
	GlobalSection(ExtensibilityGlobals) = postSolution
		SolutionGuid = {B20E217A-0BCE-45E0-908E-B90C905DD63C}
	EndGlobalSection
EndGlobal
